// !$*UTF8*$!
{
	archiveVersion = 1;
	classes = {
	};
	objectVersion = 50;
	objects = {

/* Begin PBXBuildFile section */
		2C6EBB602590DCE000036334 /* AppDelegate.swift in Sources */ = {isa = PBXBuildFile; fileRef = 2C6EBB5F2590DCE000036334 /* AppDelegate.swift */; };
		2C6EBB622590DCE000036334 /* SceneDelegate.swift in Sources */ = {isa = PBXBuildFile; fileRef = 2C6EBB612590DCE000036334 /* SceneDelegate.swift */; };
		2C6EBB642590DCE000036334 /* ViewController.swift in Sources */ = {isa = PBXBuildFile; fileRef = 2C6EBB632590DCE000036334 /* ViewController.swift */; };
		2C6EBB672590DCE000036334 /* Main.storyboard in Resources */ = {isa = PBXBuildFile; fileRef = 2C6EBB652590DCE000036334 /* Main.storyboard */; };
		2C6EBB6A2590DCE000036334 /* HandsOnMapKit.xcdatamodeld in Sources */ = {isa = PBXBuildFile; fileRef = 2C6EBB682590DCE000036334 /* HandsOnMapKit.xcdatamodeld */; };
		2C6EBB6C2590DCE000036334 /* Assets.xcassets in Resources */ = {isa = PBXBuildFile; fileRef = 2C6EBB6B2590DCE000036334 /* Assets.xcassets */; };
		2C6EBB6F2590DCE000036334 /* LaunchScreen.storyboard in Resources */ = {isa = PBXBuildFile; fileRef = 2C6EBB6D2590DCE000036334 /* LaunchScreen.storyboard */; };
		2C6EBB7A2590DCE000036334 /* HandsOnMapKitTests.swift in Sources */ = {isa = PBXBuildFile; fileRef = 2C6EBB792590DCE000036334 /* HandsOnMapKitTests.swift */; };
		2C6EBB852590DCE000036334 /* HandsOnMapKitUITests.swift in Sources */ = {isa = PBXBuildFile; fileRef = 2C6EBB842590DCE000036334 /* HandsOnMapKitUITests.swift */; };
		2CC1991E2591A03A0015670C /* MainViewController.swift in Sources */ = {isa = PBXBuildFile; fileRef = 2CC1991D2591A03A0015670C /* MainViewController.swift */; };
		2CC1992B2591AB4E0015670C /* Extension+Double.swift in Sources */ = {isa = PBXBuildFile; fileRef = 2CC1992A2591AB4E0015670C /* Extension+Double.swift */; };
/* End PBXBuildFile section */

/* Begin PBXContainerItemProxy section */
		2C6EBB762590DCE000036334 /* PBXContainerItemProxy */ = {
			isa = PBXContainerItemProxy;
			containerPortal = 2C6EBB542590DCE000036334 /* Project object */;
			proxyType = 1;
			remoteGlobalIDString = 2C6EBB5B2590DCE000036334;
			remoteInfo = HandsOnMapKit;
		};
		2C6EBB812590DCE000036334 /* PBXContainerItemProxy */ = {
			isa = PBXContainerItemProxy;
			containerPortal = 2C6EBB542590DCE000036334 /* Project object */;
			proxyType = 1;
			remoteGlobalIDString = 2C6EBB5B2590DCE000036334;
			remoteInfo = HandsOnMapKit;
		};
/* End PBXContainerItemProxy section */

/* Begin PBXFileReference section */
		2C6EBB5C2590DCE000036334 /* HandsOnMapKit.app */ = {isa = PBXFileReference; explicitFileType = wrapper.application; includeInIndex = 0; path = HandsOnMapKit.app; sourceTree = BUILT_PRODUCTS_DIR; };
		2C6EBB5F2590DCE000036334 /* AppDelegate.swift */ = {isa = PBXFileReference; lastKnownFileType = sourcecode.swift; path = AppDelegate.swift; sourceTree = "<group>"; };
		2C6EBB612590DCE000036334 /* SceneDelegate.swift */ = {isa = PBXFileReference; lastKnownFileType = sourcecode.swift; path = SceneDelegate.swift; sourceTree = "<group>"; };
		2C6EBB632590DCE000036334 /* ViewController.swift */ = {isa = PBXFileReference; lastKnownFileType = sourcecode.swift; path = ViewController.swift; sourceTree = "<group>"; };
		2C6EBB662590DCE000036334 /* Base */ = {isa = PBXFileReference; lastKnownFileType = file.storyboard; name = Base; path = Base.lproj/Main.storyboard; sourceTree = "<group>"; };
		2C6EBB692590DCE000036334 /* HandsOnMapKit.xcdatamodel */ = {isa = PBXFileReference; lastKnownFileType = wrapper.xcdatamodel; path = HandsOnMapKit.xcdatamodel; sourceTree = "<group>"; };
		2C6EBB6B2590DCE000036334 /* Assets.xcassets */ = {isa = PBXFileReference; lastKnownFileType = folder.assetcatalog; path = Assets.xcassets; sourceTree = "<group>"; };
		2C6EBB6E2590DCE000036334 /* Base */ = {isa = PBXFileReference; lastKnownFileType = file.storyboard; name = Base; path = Base.lproj/LaunchScreen.storyboard; sourceTree = "<group>"; };
		2C6EBB702590DCE000036334 /* Info.plist */ = {isa = PBXFileReference; lastKnownFileType = text.plist.xml; path = Info.plist; sourceTree = "<group>"; };
		2C6EBB752590DCE000036334 /* HandsOnMapKitTests.xctest */ = {isa = PBXFileReference; explicitFileType = wrapper.cfbundle; includeInIndex = 0; path = HandsOnMapKitTests.xctest; sourceTree = BUILT_PRODUCTS_DIR; };
		2C6EBB792590DCE000036334 /* HandsOnMapKitTests.swift */ = {isa = PBXFileReference; lastKnownFileType = sourcecode.swift; path = HandsOnMapKitTests.swift; sourceTree = "<group>"; };
		2C6EBB7B2590DCE000036334 /* Info.plist */ = {isa = PBXFileReference; lastKnownFileType = text.plist.xml; path = Info.plist; sourceTree = "<group>"; };
		2C6EBB802590DCE000036334 /* HandsOnMapKitUITests.xctest */ = {isa = PBXFileReference; explicitFileType = wrapper.cfbundle; includeInIndex = 0; path = HandsOnMapKitUITests.xctest; sourceTree = BUILT_PRODUCTS_DIR; };
		2C6EBB842590DCE000036334 /* HandsOnMapKitUITests.swift */ = {isa = PBXFileReference; lastKnownFileType = sourcecode.swift; path = HandsOnMapKitUITests.swift; sourceTree = "<group>"; };
		2C6EBB862590DCE000036334 /* Info.plist */ = {isa = PBXFileReference; lastKnownFileType = text.plist.xml; path = Info.plist; sourceTree = "<group>"; };
		2CC1991D2591A03A0015670C /* MainViewController.swift */ = {isa = PBXFileReference; lastKnownFileType = sourcecode.swift; path = MainViewController.swift; sourceTree = "<group>"; };
		2CC1992A2591AB4E0015670C /* Extension+Double.swift */ = {isa = PBXFileReference; lastKnownFileType = sourcecode.swift; path = "Extension+Double.swift"; sourceTree = "<group>"; };
/* End PBXFileReference section */

/* Begin PBXFrameworksBuildPhase section */
		2C6EBB592590DCE000036334 /* Frameworks */ = {
			isa = PBXFrameworksBuildPhase;
			buildActionMask = 2147483647;
			files = (
			);
			runOnlyForDeploymentPostprocessing = 0;
		};
		2C6EBB722590DCE000036334 /* Frameworks */ = {
			isa = PBXFrameworksBuildPhase;
			buildActionMask = 2147483647;
			files = (
			);
			runOnlyForDeploymentPostprocessing = 0;
		};
		2C6EBB7D2590DCE000036334 /* Frameworks */ = {
			isa = PBXFrameworksBuildPhase;
			buildActionMask = 2147483647;
			files = (
			);
			runOnlyForDeploymentPostprocessing = 0;
		};
/* End PBXFrameworksBuildPhase section */

/* Begin PBXGroup section */
		2C6EBB532590DCE000036334 = {
			isa = PBXGroup;
			children = (
				2C6EBB5E2590DCE000036334 /* HandsOnMapKit */,
				2C6EBB782590DCE000036334 /* HandsOnMapKitTests */,
				2C6EBB832590DCE000036334 /* HandsOnMapKitUITests */,
				2C6EBB5D2590DCE000036334 /* Products */,
			);
			sourceTree = "<group>";
		};
		2C6EBB5D2590DCE000036334 /* Products */ = {
			isa = PBXGroup;
			children = (
				2C6EBB5C2590DCE000036334 /* HandsOnMapKit.app */,
				2C6EBB752590DCE000036334 /* HandsOnMapKitTests.xctest */,
				2C6EBB802590DCE000036334 /* HandsOnMapKitUITests.xctest */,
			);
			name = Products;
			sourceTree = "<group>";
		};
		2C6EBB5E2590DCE000036334 /* HandsOnMapKit */ = {
			isa = PBXGroup;
			children = (
				2CC1991925919AE10015670C /* Controller */,
				2CC1991825919AD50015670C /* View */,
				2CC1991725919ACB0015670C /* Model */,
				2C6EBB5F2590DCE000036334 /* AppDelegate.swift */,
				2C6EBB612590DCE000036334 /* SceneDelegate.swift */,
				2C6EBB6B2590DCE000036334 /* Assets.xcassets */,
				2C6EBB6D2590DCE000036334 /* LaunchScreen.storyboard */,
				2C6EBB702590DCE000036334 /* Info.plist */,
				2C6EBB682590DCE000036334 /* HandsOnMapKit.xcdatamodeld */,
			);
			path = HandsOnMapKit;
			sourceTree = "<group>";
		};
		2C6EBB782590DCE000036334 /* HandsOnMapKitTests */ = {
			isa = PBXGroup;
			children = (
				2C6EBB792590DCE000036334 /* HandsOnMapKitTests.swift */,
				2C6EBB7B2590DCE000036334 /* Info.plist */,
			);
			path = HandsOnMapKitTests;
			sourceTree = "<group>";
		};
		2C6EBB832590DCE000036334 /* HandsOnMapKitUITests */ = {
			isa = PBXGroup;
			children = (
				2C6EBB842590DCE000036334 /* HandsOnMapKitUITests.swift */,
				2C6EBB862590DCE000036334 /* Info.plist */,
			);
			path = HandsOnMapKitUITests;
			sourceTree = "<group>";
		};
		2CC1991725919ACB0015670C /* Model */ = {
			isa = PBXGroup;
			children = (
				2CC1992A2591AB4E0015670C /* Extension+Double.swift */,
			);
			path = Model;
			sourceTree = "<group>";
		};
		2CC1991825919AD50015670C /* View */ = {
			isa = PBXGroup;
			children = (
				2C6EBB652590DCE000036334 /* Main.storyboard */,
			);
			path = View;
			sourceTree = "<group>";
		};
		2CC1991925919AE10015670C /* Controller */ = {
			isa = PBXGroup;
			children = (
				2C6EBB632590DCE000036334 /* ViewController.swift */,
				2CC1991D2591A03A0015670C /* MainViewController.swift */,
			);
			path = Controller;
			sourceTree = "<group>";
		};
/* End PBXGroup section */

/* Begin PBXNativeTarget section */
		2C6EBB5B2590DCE000036334 /* HandsOnMapKit */ = {
			isa = PBXNativeTarget;
			buildConfigurationList = 2C6EBB892590DCE000036334 /* Build configuration list for PBXNativeTarget "HandsOnMapKit" */;
			buildPhases = (
				2C6EBB582590DCE000036334 /* Sources */,
				2C6EBB592590DCE000036334 /* Frameworks */,
				2C6EBB5A2590DCE000036334 /* Resources */,
			);
			buildRules = (
			);
			dependencies = (
			);
			name = HandsOnMapKit;
			productName = HandsOnMapKit;
			productReference = 2C6EBB5C2590DCE000036334 /* HandsOnMapKit.app */;
			productType = "com.apple.product-type.application";
		};
		2C6EBB742590DCE000036334 /* HandsOnMapKitTests */ = {
			isa = PBXNativeTarget;
			buildConfigurationList = 2C6EBB8C2590DCE000036334 /* Build configuration list for PBXNativeTarget "HandsOnMapKitTests" */;
			buildPhases = (
				2C6EBB712590DCE000036334 /* Sources */,
				2C6EBB722590DCE000036334 /* Frameworks */,
				2C6EBB732590DCE000036334 /* Resources */,
			);
			buildRules = (
			);
			dependencies = (
				2C6EBB772590DCE000036334 /* PBXTargetDependency */,
			);
			name = HandsOnMapKitTests;
			productName = HandsOnMapKitTests;
			productReference = 2C6EBB752590DCE000036334 /* HandsOnMapKitTests.xctest */;
			productType = "com.apple.product-type.bundle.unit-test";
		};
		2C6EBB7F2590DCE000036334 /* HandsOnMapKitUITests */ = {
			isa = PBXNativeTarget;
			buildConfigurationList = 2C6EBB8F2590DCE000036334 /* Build configuration list for PBXNativeTarget "HandsOnMapKitUITests" */;
			buildPhases = (
				2C6EBB7C2590DCE000036334 /* Sources */,
				2C6EBB7D2590DCE000036334 /* Frameworks */,
				2C6EBB7E2590DCE000036334 /* Resources */,
			);
			buildRules = (
			);
			dependencies = (
				2C6EBB822590DCE000036334 /* PBXTargetDependency */,
			);
			name = HandsOnMapKitUITests;
			productName = HandsOnMapKitUITests;
			productReference = 2C6EBB802590DCE000036334 /* HandsOnMapKitUITests.xctest */;
			productType = "com.apple.product-type.bundle.ui-testing";
		};
/* End PBXNativeTarget section */

/* Begin PBXProject section */
		2C6EBB542590DCE000036334 /* Project object */ = {
			isa = PBXProject;
			attributes = {
				LastSwiftUpdateCheck = 1220;
				LastUpgradeCheck = 1220;
				TargetAttributes = {
					2C6EBB5B2590DCE000036334 = {
						CreatedOnToolsVersion = 12.2;
					};
					2C6EBB742590DCE000036334 = {
						CreatedOnToolsVersion = 12.2;
						TestTargetID = 2C6EBB5B2590DCE000036334;
					};
					2C6EBB7F2590DCE000036334 = {
						CreatedOnToolsVersion = 12.2;
						TestTargetID = 2C6EBB5B2590DCE000036334;
					};
				};
			};
			buildConfigurationList = 2C6EBB572590DCE000036334 /* Build configuration list for PBXProject "HandsOnMapKit" */;
			compatibilityVersion = "Xcode 9.3";
			developmentRegion = en;
			hasScannedForEncodings = 0;
			knownRegions = (
				en,
				Base,
			);
			mainGroup = 2C6EBB532590DCE000036334;
			productRefGroup = 2C6EBB5D2590DCE000036334 /* Products */;
			projectDirPath = "";
			projectRoot = "";
			targets = (
				2C6EBB5B2590DCE000036334 /* HandsOnMapKit */,
				2C6EBB742590DCE000036334 /* HandsOnMapKitTests */,
				2C6EBB7F2590DCE000036334 /* HandsOnMapKitUITests */,
			);
		};
/* End PBXProject section */

/* Begin PBXResourcesBuildPhase section */
		2C6EBB5A2590DCE000036334 /* Resources */ = {
			isa = PBXResourcesBuildPhase;
			buildActionMask = 2147483647;
			files = (
				2C6EBB6F2590DCE000036334 /* LaunchScreen.storyboard in Resources */,
				2C6EBB6C2590DCE000036334 /* Assets.xcassets in Resources */,
				2C6EBB672590DCE000036334 /* Main.storyboard in Resources */,
			);
			runOnlyForDeploymentPostprocessing = 0;
		};
		2C6EBB732590DCE000036334 /* Resources */ = {
			isa = PBXResourcesBuildPhase;
			buildActionMask = 2147483647;
			files = (
			);
			runOnlyForDeploymentPostprocessing = 0;
		};
		2C6EBB7E2590DCE000036334 /* Resources */ = {
			isa = PBXResourcesBuildPhase;
			buildActionMask = 2147483647;
			files = (
			);
			runOnlyForDeploymentPostprocessing = 0;
		};
/* End PBXResourcesBuildPhase section */

/* Begin PBXSourcesBuildPhase section */
		2C6EBB582590DCE000036334 /* Sources */ = {
			isa = PBXSourcesBuildPhase;
			buildActionMask = 2147483647;
			files = (
				2CC1992B2591AB4E0015670C /* Extension+Double.swift in Sources */,
				2C6EBB642590DCE000036334 /* ViewController.swift in Sources */,
				2C6EBB602590DCE000036334 /* AppDelegate.swift in Sources */,
				2C6EBB622590DCE000036334 /* SceneDelegate.swift in Sources */,
				2C6EBB6A2590DCE000036334 /* HandsOnMapKit.xcdatamodeld in Sources */,
				2CC1991E2591A03A0015670C /* MainViewController.swift in Sources */,
			);
			runOnlyForDeploymentPostprocessing = 0;
		};
		2C6EBB712590DCE000036334 /* Sources */ = {
			isa = PBXSourcesBuildPhase;
			buildActionMask = 2147483647;
			files = (
				2C6EBB7A2590DCE000036334 /* HandsOnMapKitTests.swift in Sources */,
			);
			runOnlyForDeploymentPostprocessing = 0;
		};
		2C6EBB7C2590DCE000036334 /* Sources */ = {
			isa = PBXSourcesBuildPhase;
			buildActionMask = 2147483647;
			files = (
				2C6EBB852590DCE000036334 /* HandsOnMapKitUITests.swift in Sources */,
			);
			runOnlyForDeploymentPostprocessing = 0;
		};
/* End PBXSourcesBuildPhase section */

/* Begin PBXTargetDependency section */
		2C6EBB772590DCE000036334 /* PBXTargetDependency */ = {
			isa = PBXTargetDependency;
			target = 2C6EBB5B2590DCE000036334 /* HandsOnMapKit */;
			targetProxy = 2C6EBB762590DCE000036334 /* PBXContainerItemProxy */;
		};
		2C6EBB822590DCE000036334 /* PBXTargetDependency */ = {
			isa = PBXTargetDependency;
			target = 2C6EBB5B2590DCE000036334 /* HandsOnMapKit */;
			targetProxy = 2C6EBB812590DCE000036334 /* PBXContainerItemProxy */;
		};
/* End PBXTargetDependency section */

/* Begin PBXVariantGroup section */
		2C6EBB652590DCE000036334 /* Main.storyboard */ = {
			isa = PBXVariantGroup;
			children = (
				2C6EBB662590DCE000036334 /* Base */,
			);
			name = Main.storyboard;
			sourceTree = "<group>";
		};
		2C6EBB6D2590DCE000036334 /* LaunchScreen.storyboard */ = {
			isa = PBXVariantGroup;
			children = (
				2C6EBB6E2590DCE000036334 /* Base */,
			);
			name = LaunchScreen.storyboard;
			sourceTree = "<group>";
		};
/* End PBXVariantGroup section */

/* Begin XCBuildConfiguration section */
		2C6EBB872590DCE000036334 /* Debug */ = {
			isa = XCBuildConfiguration;
			buildSettings = {
				ALWAYS_SEARCH_USER_PATHS = NO;
				CLANG_ANALYZER_NONNULL = YES;
				CLANG_ANALYZER_NUMBER_OBJECT_CONVERSION = YES_AGGRESSIVE;
				CLANG_CXX_LANGUAGE_STANDARD = "gnu++14";
				CLANG_CXX_LIBRARY = "libc++";
				CLANG_ENABLE_MODULES = YES;
				CLANG_ENABLE_OBJC_ARC = YES;
				CLANG_ENABLE_OBJC_WEAK = YES;
				CLANG_WARN_BLOCK_CAPTURE_AUTORELEASING = YES;
				CLANG_WARN_BOOL_CONVERSION = YES;
				CLANG_WARN_COMMA = YES;
				CLANG_WARN_CONSTANT_CONVERSION = YES;
				CLANG_WARN_DEPRECATED_OBJC_IMPLEMENTATIONS = YES;
				CLANG_WARN_DIRECT_OBJC_ISA_USAGE = YES_ERROR;
				CLANG_WARN_DOCUMENTATION_COMMENTS = YES;
				CLANG_WARN_EMPTY_BODY = YES;
				CLANG_WARN_ENUM_CONVERSION = YES;
				CLANG_WARN_INFINITE_RECURSION = YES;
				CLANG_WARN_INT_CONVERSION = YES;
				CLANG_WARN_NON_LITERAL_NULL_CONVERSION = YES;
				CLANG_WARN_OBJC_IMPLICIT_RETAIN_SELF = YES;
				CLANG_WARN_OBJC_LITERAL_CONVERSION = YES;
				CLANG_WARN_OBJC_ROOT_CLASS = YES_ERROR;
				CLANG_WARN_QUOTED_INCLUDE_IN_FRAMEWORK_HEADER = YES;
				CLANG_WARN_RANGE_LOOP_ANALYSIS = YES;
				CLANG_WARN_STRICT_PROTOTYPES = YES;
				CLANG_WARN_SUSPICIOUS_MOVE = YES;
				CLANG_WARN_UNGUARDED_AVAILABILITY = YES_AGGRESSIVE;
				CLANG_WARN_UNREACHABLE_CODE = YES;
				CLANG_WARN__DUPLICATE_METHOD_MATCH = YES;
				COPY_PHASE_STRIP = NO;
				DEBUG_INFORMATION_FORMAT = dwarf;
				ENABLE_STRICT_OBJC_MSGSEND = YES;
				ENABLE_TESTABILITY = YES;
				GCC_C_LANGUAGE_STANDARD = gnu11;
				GCC_DYNAMIC_NO_PIC = NO;
				GCC_NO_COMMON_BLOCKS = YES;
				GCC_OPTIMIZATION_LEVEL = 0;
				GCC_PREPROCESSOR_DEFINITIONS = (
					"DEBUG=1",
					"$(inherited)",
				);
				GCC_WARN_64_TO_32_BIT_CONVERSION = YES;
				GCC_WARN_ABOUT_RETURN_TYPE = YES_ERROR;
				GCC_WARN_UNDECLARED_SELECTOR = YES;
				GCC_WARN_UNINITIALIZED_AUTOS = YES_AGGRESSIVE;
				GCC_WARN_UNUSED_FUNCTION = YES;
				GCC_WARN_UNUSED_VARIABLE = YES;
				IPHONEOS_DEPLOYMENT_TARGET = 13.0;
				MTL_ENABLE_DEBUG_INFO = INCLUDE_SOURCE;
				MTL_FAST_MATH = YES;
				ONLY_ACTIVE_ARCH = YES;
				SDKROOT = iphoneos;
				SWIFT_ACTIVE_COMPILATION_CONDITIONS = DEBUG;
				SWIFT_OPTIMIZATION_LEVEL = "-Onone";
			};
			name = Debug;
		};
		2C6EBB882590DCE000036334 /* Release */ = {
			isa = XCBuildConfiguration;
			buildSettings = {
				ALWAYS_SEARCH_USER_PATHS = NO;
				CLANG_ANALYZER_NONNULL = YES;
				CLANG_ANALYZER_NUMBER_OBJECT_CONVERSION = YES_AGGRESSIVE;
				CLANG_CXX_LANGUAGE_STANDARD = "gnu++14";
				CLANG_CXX_LIBRARY = "libc++";
				CLANG_ENABLE_MODULES = YES;
				CLANG_ENABLE_OBJC_ARC = YES;
				CLANG_ENABLE_OBJC_WEAK = YES;
				CLANG_WARN_BLOCK_CAPTURE_AUTORELEASING = YES;
				CLANG_WARN_BOOL_CONVERSION = YES;
				CLANG_WARN_COMMA = YES;
				CLANG_WARN_CONSTANT_CONVERSION = YES;
				CLANG_WARN_DEPRECATED_OBJC_IMPLEMENTATIONS = YES;
				CLANG_WARN_DIRECT_OBJC_ISA_USAGE = YES_ERROR;
				CLANG_WARN_DOCUMENTATION_COMMENTS = YES;
				CLANG_WARN_EMPTY_BODY = YES;
				CLANG_WARN_ENUM_CONVERSION = YES;
				CLANG_WARN_INFINITE_RECURSION = YES;
				CLANG_WARN_INT_CONVERSION = YES;
				CLANG_WARN_NON_LITERAL_NULL_CONVERSION = YES;
				CLANG_WARN_OBJC_IMPLICIT_RETAIN_SELF = YES;
				CLANG_WARN_OBJC_LITERAL_CONVERSION = YES;
				CLANG_WARN_OBJC_ROOT_CLASS = YES_ERROR;
				CLANG_WARN_QUOTED_INCLUDE_IN_FRAMEWORK_HEADER = YES;
				CLANG_WARN_RANGE_LOOP_ANALYSIS = YES;
				CLANG_WARN_STRICT_PROTOTYPES = YES;
				CLANG_WARN_SUSPICIOUS_MOVE = YES;
				CLANG_WARN_UNGUARDED_AVAILABILITY = YES_AGGRESSIVE;
				CLANG_WARN_UNREACHABLE_CODE = YES;
				CLANG_WARN__DUPLICATE_METHOD_MATCH = YES;
				COPY_PHASE_STRIP = NO;
				DEBUG_INFORMATION_FORMAT = "dwarf-with-dsym";
				ENABLE_NS_ASSERTIONS = NO;
				ENABLE_STRICT_OBJC_MSGSEND = YES;
				GCC_C_LANGUAGE_STANDARD = gnu11;
				GCC_NO_COMMON_BLOCKS = YES;
				GCC_WARN_64_TO_32_BIT_CONVERSION = YES;
				GCC_WARN_ABOUT_RETURN_TYPE = YES_ERROR;
				GCC_WARN_UNDECLARED_SELECTOR = YES;
				GCC_WARN_UNINITIALIZED_AUTOS = YES_AGGRESSIVE;
				GCC_WARN_UNUSED_FUNCTION = YES;
				GCC_WARN_UNUSED_VARIABLE = YES;
				IPHONEOS_DEPLOYMENT_TARGET = 13.0;
				MTL_ENABLE_DEBUG_INFO = NO;
				MTL_FAST_MATH = YES;
				SDKROOT = iphoneos;
				SWIFT_COMPILATION_MODE = wholemodule;
				SWIFT_OPTIMIZATION_LEVEL = "-O";
				VALIDATE_PRODUCT = YES;
			};
			name = Release;
		};
		2C6EBB8A2590DCE000036334 /* Debug */ = {
			isa = XCBuildConfiguration;
			buildSettings = {
				ASSETCATALOG_COMPILER_APPICON_NAME = AppIcon;
				ASSETCATALOG_COMPILER_GLOBAL_ACCENT_COLOR_NAME = AccentColor;
				CODE_SIGN_STYLE = Automatic;
				DEVELOPMENT_TEAM = 5538968945;
				INFOPLIST_FILE = HandsOnMapKit/Info.plist;
				IPHONEOS_DEPLOYMENT_TARGET = 13.0;
				LD_RUNPATH_SEARCH_PATHS = (
					"$(inherited)",
					"@executable_path/Frameworks",
				);
				PRODUCT_BUNDLE_IDENTIFIER = "allicia-viona.HandsOnMapKit";
				PRODUCT_NAME = "$(TARGET_NAME)";
				SWIFT_VERSION = 5.0;
				TARGETED_DEVICE_FAMILY = "1,2";
			};
			name = Debug;
		};
		2C6EBB8B2590DCE000036334 /* Release */ = {
			isa = XCBuildConfiguration;
			buildSettings = {
				ASSETCATALOG_COMPILER_APPICON_NAME = AppIcon;
				ASSETCATALOG_COMPILER_GLOBAL_ACCENT_COLOR_NAME = AccentColor;
				CODE_SIGN_STYLE = Automatic;
				DEVELOPMENT_TEAM = 5538968945;
				INFOPLIST_FILE = HandsOnMapKit/Info.plist;
				IPHONEOS_DEPLOYMENT_TARGET = 13.0;
				LD_RUNPATH_SEARCH_PATHS = (
					"$(inherited)",
					"@executable_path/Frameworks",
				);
				PRODUCT_BUNDLE_IDENTIFIER = "allicia-viona.HandsOnMapKit";
				PRODUCT_NAME = "$(TARGET_NAME)";
				SWIFT_VERSION = 5.0;
				TARGETED_DEVICE_FAMILY = "1,2";
			};
			name = Release;
		};
		2C6EBB8D2590DCE000036334 /* Debug */ = {
			isa = XCBuildConfiguration;
			buildSettings = {
				ALWAYS_EMBED_SWIFT_STANDARD_LIBRARIES = YES;
				BUNDLE_LOADER = "$(TEST_HOST)";
				CODE_SIGN_STYLE = Automatic;
				DEVELOPMENT_TEAM = 665XP63X44;
				INFOPLIST_FILE = HandsOnMapKitTests/Info.plist;
				IPHONEOS_DEPLOYMENT_TARGET = 14.2;
				LD_RUNPATH_SEARCH_PATHS = (
					"$(inherited)",
					"@executable_path/Frameworks",
					"@loader_path/Frameworks",
				);
				PRODUCT_BUNDLE_IDENTIFIER = "allicia-viona.HandsOnMapKitTests";
				PRODUCT_NAME = "$(TARGET_NAME)";
				SWIFT_VERSION = 5.0;
				TARGETED_DEVICE_FAMILY = "1,2";
				TEST_HOST = "$(BUILT_PRODUCTS_DIR)/HandsOnMapKit.app/HandsOnMapKit";
			};
			name = Debug;
		};
		2C6EBB8E2590DCE000036334 /* Release */ = {
			isa = XCBuildConfiguration;
			buildSettings = {
				ALWAYS_EMBED_SWIFT_STANDARD_LIBRARIES = YES;
				BUNDLE_LOADER = "$(TEST_HOST)";
				CODE_SIGN_STYLE = Automatic;
				DEVELOPMENT_TEAM = 665XP63X44;
				INFOPLIST_FILE = HandsOnMapKitTests/Info.plist;
				IPHONEOS_DEPLOYMENT_TARGET = 14.2;
				LD_RUNPATH_SEARCH_PATHS = (
					"$(inherited)",
					"@executable_path/Frameworks",
					"@loader_path/Frameworks",
				);
				PRODUCT_BUNDLE_IDENTIFIER = "allicia-viona.HandsOnMapKitTests";
				PRODUCT_NAME = "$(TARGET_NAME)";
				SWIFT_VERSION = 5.0;
				TARGETED_DEVICE_FAMILY = "1,2";
				TEST_HOST = "$(BUILT_PRODUCTS_DIR)/HandsOnMapKit.app/HandsOnMapKit";
			};
			name = Release;
		};
		2C6EBB902590DCE000036334 /* Debug */ = {
			isa = XCBuildConfiguration;
			buildSettings = {
				ALWAYS_EMBED_SWIFT_STANDARD_LIBRARIES = YES;
				CODE_SIGN_STYLE = Automatic;
				DEVELOPMENT_TEAM = 665XP63X44;
				INFOPLIST_FILE = HandsOnMapKitUITests/Info.plist;
				LD_RUNPATH_SEARCH_PATHS = (
					"$(inherited)",
					"@executable_path/Frameworks",
					"@loader_path/Frameworks",
				);
				PRODUCT_BUNDLE_IDENTIFIER = "allicia-viona.HandsOnMapKitUITests";
				PRODUCT_NAME = "$(TARGET_NAME)";
				SWIFT_VERSION = 5.0;
				TARGETED_DEVICE_FAMILY = "1,2";
				TEST_TARGET_NAME = HandsOnMapKit;
			};
			name = Debug;
		};
		2C6EBB912590DCE000036334 /* Release */ = {
			isa = XCBuildConfiguration;
			buildSettings = {
				ALWAYS_EMBED_SWIFT_STANDARD_LIBRARIES = YES;
				CODE_SIGN_STYLE = Automatic;
				DEVELOPMENT_TEAM = 665XP63X44;
				INFOPLIST_FILE = HandsOnMapKitUITests/Info.plist;
				LD_RUNPATH_SEARCH_PATHS = (
					"$(inherited)",
					"@executable_path/Frameworks",
					"@loader_path/Frameworks",
				);
				PRODUCT_BUNDLE_IDENTIFIER = "allicia-viona.HandsOnMapKitUITests";
				PRODUCT_NAME = "$(TARGET_NAME)";
				SWIFT_VERSION = 5.0;
				TARGETED_DEVICE_FAMILY = "1,2";
				TEST_TARGET_NAME = HandsOnMapKit;
			};
			name = Release;
		};
/* End XCBuildConfiguration section */

/* Begin XCConfigurationList section */
		2C6EBB572590DCE000036334 /* Build configuration list for PBXProject "HandsOnMapKit" */ = {
			isa = XCConfigurationList;
			buildConfigurations = (
				2C6EBB872590DCE000036334 /* Debug */,
				2C6EBB882590DCE000036334 /* Release */,
			);
			defaultConfigurationIsVisible = 0;
			defaultConfigurationName = Release;
		};
		2C6EBB892590DCE000036334 /* Build configuration list for PBXNativeTarget "HandsOnMapKit" */ = {
			isa = XCConfigurationList;
			buildConfigurations = (
				2C6EBB8A2590DCE000036334 /* Debug */,
				2C6EBB8B2590DCE000036334 /* Release */,
			);
			defaultConfigurationIsVisible = 0;
			defaultConfigurationName = Release;
		};
		2C6EBB8C2590DCE000036334 /* Build configuration list for PBXNativeTarget "HandsOnMapKitTests" */ = {
			isa = XCConfigurationList;
			buildConfigurations = (
				2C6EBB8D2590DCE000036334 /* Debug */,
				2C6EBB8E2590DCE000036334 /* Release */,
			);
			defaultConfigurationIsVisible = 0;
			defaultConfigurationName = Release;
		};
		2C6EBB8F2590DCE000036334 /* Build configuration list for PBXNativeTarget "HandsOnMapKitUITests" */ = {
			isa = XCConfigurationList;
			buildConfigurations = (
				2C6EBB902590DCE000036334 /* Debug */,
				2C6EBB912590DCE000036334 /* Release */,
			);
			defaultConfigurationIsVisible = 0;
			defaultConfigurationName = Release;
		};
/* End XCConfigurationList section */

/* Begin XCVersionGroup section */
		2C6EBB682590DCE000036334 /* HandsOnMapKit.xcdatamodeld */ = {
			isa = XCVersionGroup;
			children = (
				2C6EBB692590DCE000036334 /* HandsOnMapKit.xcdatamodel */,
			);
			currentVersion = 2C6EBB692590DCE000036334 /* HandsOnMapKit.xcdatamodel */;
			path = HandsOnMapKit.xcdatamodeld;
			sourceTree = "<group>";
			versionGroupType = wrapper.xcdatamodel;
		};
/* End XCVersionGroup section */
	};
	rootObject = 2C6EBB542590DCE000036334 /* Project object */;
}
